
Microsoft Visual Studio Solution File, Format Version 12.00
# Visual Studio Version 17
VisualStudioVersion = 17.0.31903.59
MinimumVisualStudioVersion = 10.0.40219.1
Project("{2150E333-8FDC-42A3-9474-1A3956D46DE8}") = "Api", "Api", "{52A199DA-98BD-436B-93BF-A4E00DFF54F1}"
EndProject
Project("{FAE04EC0-301F-11D3-BF4B-00C04F79EFBC}") = "dotnet.Api", "Api\dotnet.Api\dotnet.Api.csproj", "{7CBBEDE3-B0E7-4EB6-BDC1-6DD1011C7D09}"
EndProject
Project("{FAE04EC0-301F-11D3-BF4B-00C04F79EFBC}") = "dotnet.Contracts", "Api\dotnet.Contracts\dotnet.Contracts.csproj", "{20F9D456-F1E7-45E4-9882-590F196E8D79}"
EndProject
Project("{2150E333-8FDC-42A3-9474-1A3956D46DE8}") = "Common", "Common", "{21DE5511-03BF-48B2-B08B-905527448479}"
EndProject
Project("{FAE04EC0-301F-11D3-BF4B-00C04F79EFBC}") = "dotnet.Common", "Common\dotnet.Common\dotnet.Common.csproj", "{4CFDEEED-DFB0-46F1-ADAA-568090EEC59C}"
EndProject
Project("{2150E333-8FDC-42A3-9474-1A3956D46DE8}") = "Data", "Data", "{56837449-E3E2-4FA0-9B97-5F7251411D41}"
EndProject
Project("{FAE04EC0-301F-11D3-BF4B-00C04F79EFBC}") = "dotnet.RepoInterfaces", "Data\dotnet.RepoInterfaces\dotnet.RepoInterfaces.csproj", "{97FF21F0-1300-4A67-9043-7CB1433814E9}"
EndProject
Project("{FAE04EC0-301F-11D3-BF4B-00C04F79EFBC}") = "dotnet.Repositories", "Data\dotnet.Repositories\dotnet.Repositories.csproj", "{671AC3F8-C16A-4E9A-BA41-C5D202092191}"
EndProject
Project("{2150E333-8FDC-42A3-9474-1A3956D46DE8}") = "Domain", "Domain", "{A07BA2E7-AAEC-41D7-AB94-9624FB452D19}"
EndProject
Project("{FAE04EC0-301F-11D3-BF4B-00C04F79EFBC}") = "dotnet.Entities", "Domain\dotnet.Entities\dotnet.Entities.csproj", "{5449FAF4-9463-44EF-824A-B4194AAD3CD6}"
EndProject
Project("{2150E333-8FDC-42A3-9474-1A3956D46DE8}") = "Services", "Services", "{CA319C6E-21BE-4ADB-8879-41A97103B1B3}"
EndProject
Project("{FAE04EC0-301F-11D3-BF4B-00C04F79EFBC}") = "dotnet.ServiceGateways", "Services\dotnet.ServiceGateways\dotnet.ServiceGateways.csproj", "{0214B0DA-76CF-46EE-B504-95B5175F4041}"
EndProject
Project("{FAE04EC0-301F-11D3-BF4B-00C04F79EFBC}") = "dotnet.ServiceInterfaces", "Services\dotnet.ServiceInterfaces\dotnet.ServiceInterfaces.csproj", "{06A1F942-093E-47C1-B672-2845B1E69F81}"
EndProject
Project("{FAE04EC0-301F-11D3-BF4B-00C04F79EFBC}") = "dotnet.Services", "Services\dotnet.Services\dotnet.Services.csproj", "{67BAD0A3-61D0-45E2-979C-D51B85E59FF7}"
EndProject
Project("{2150E333-8FDC-42A3-9474-1A3956D46DE8}") = "Tests", "Tests", "{03C799DF-05C9-4D31-8985-9993CFB75640}"
EndProject
Project("{FAE04EC0-301F-11D3-BF4B-00C04F79EFBC}") = "dotnet.Test.Api", "Tests\dotnet.Test.Api\dotnet.Test.Api.csproj", "{FF501156-02DE-4FE3-A02B-F8C720FACC85}"
EndProject
Project("{FAE04EC0-301F-11D3-BF4B-00C04F79EFBC}") = "dotnet.Test.Services", "Tests\dotnet.Test.Services\dotnet.Test.Services.csproj", "{C86D49FC-7F8C-41A0-8D7D-CE0DBAECC628}"
EndProject
Project("{FAE04EC0-301F-11D3-BF4B-00C04F79EFBC}") = "dotnet.Test.Framework", "Tests\dotnet.Test.Framework\dotnet.Test.Framework.csproj", "{C04A0C13-F947-45A1-8F28-55C9CF1D906C}"
EndProject
Global
	GlobalSection(SolutionConfigurationPlatforms) = preSolution
		Debug|Any CPU = Debug|Any CPU
		Release|Any CPU = Release|Any CPU
	EndGlobalSection
	GlobalSection(SolutionProperties) = preSolution
		HideSolutionNode = FALSE
	EndGlobalSection
	GlobalSection(ProjectConfigurationPlatforms) = postSolution
		{7CBBEDE3-B0E7-4EB6-BDC1-6DD1011C7D09}.Debug|Any CPU.ActiveCfg = Debug|Any CPU
		{7CBBEDE3-B0E7-4EB6-BDC1-6DD1011C7D09}.Debug|Any CPU.Build.0 = Debug|Any CPU
		{7CBBEDE3-B0E7-4EB6-BDC1-6DD1011C7D09}.Release|Any CPU.ActiveCfg = Release|Any CPU
		{7CBBEDE3-B0E7-4EB6-BDC1-6DD1011C7D09}.Release|Any CPU.Build.0 = Release|Any CPU
		{20F9D456-F1E7-45E4-9882-590F196E8D79}.Debug|Any CPU.ActiveCfg = Debug|Any CPU
		{20F9D456-F1E7-45E4-9882-590F196E8D79}.Debug|Any CPU.Build.0 = Debug|Any CPU
		{20F9D456-F1E7-45E4-9882-590F196E8D79}.Release|Any CPU.ActiveCfg = Release|Any CPU
		{20F9D456-F1E7-45E4-9882-590F196E8D79}.Release|Any CPU.Build.0 = Release|Any CPU
		{4CFDEEED-DFB0-46F1-ADAA-568090EEC59C}.Debug|Any CPU.ActiveCfg = Debug|Any CPU
		{4CFDEEED-DFB0-46F1-ADAA-568090EEC59C}.Debug|Any CPU.Build.0 = Debug|Any CPU
		{4CFDEEED-DFB0-46F1-ADAA-568090EEC59C}.Release|Any CPU.ActiveCfg = Release|Any CPU
		{4CFDEEED-DFB0-46F1-ADAA-568090EEC59C}.Release|Any CPU.Build.0 = Release|Any CPU
		{97FF21F0-1300-4A67-9043-7CB1433814E9}.Debug|Any CPU.ActiveCfg = Debug|Any CPU
		{97FF21F0-1300-4A67-9043-7CB1433814E9}.Debug|Any CPU.Build.0 = Debug|Any CPU
		{97FF21F0-1300-4A67-9043-7CB1433814E9}.Release|Any CPU.ActiveCfg = Release|Any CPU
		{97FF21F0-1300-4A67-9043-7CB1433814E9}.Release|Any CPU.Build.0 = Release|Any CPU
		{671AC3F8-C16A-4E9A-BA41-C5D202092191}.Debug|Any CPU.ActiveCfg = Debug|Any CPU
		{671AC3F8-C16A-4E9A-BA41-C5D202092191}.Debug|Any CPU.Build.0 = Debug|Any CPU
		{671AC3F8-C16A-4E9A-BA41-C5D202092191}.Release|Any CPU.ActiveCfg = Release|Any CPU
		{671AC3F8-C16A-4E9A-BA41-C5D202092191}.Release|Any CPU.Build.0 = Release|Any CPU
		{5449FAF4-9463-44EF-824A-B4194AAD3CD6}.Debug|Any CPU.ActiveCfg = Debug|Any CPU
		{5449FAF4-9463-44EF-824A-B4194AAD3CD6}.Debug|Any CPU.Build.0 = Debug|Any CPU
		{5449FAF4-9463-44EF-824A-B4194AAD3CD6}.Release|Any CPU.ActiveCfg = Release|Any CPU
		{5449FAF4-9463-44EF-824A-B4194AAD3CD6}.Release|Any CPU.Build.0 = Release|Any CPU
		{0214B0DA-76CF-46EE-B504-95B5175F4041}.Debug|Any CPU.ActiveCfg = Debug|Any CPU
		{0214B0DA-76CF-46EE-B504-95B5175F4041}.Debug|Any CPU.Build.0 = Debug|Any CPU
		{0214B0DA-76CF-46EE-B504-95B5175F4041}.Release|Any CPU.ActiveCfg = Release|Any CPU
		{0214B0DA-76CF-46EE-B504-95B5175F4041}.Release|Any CPU.Build.0 = Release|Any CPU
		{06A1F942-093E-47C1-B672-2845B1E69F81}.Debug|Any CPU.ActiveCfg = Debug|Any CPU
		{06A1F942-093E-47C1-B672-2845B1E69F81}.Debug|Any CPU.Build.0 = Debug|Any CPU
		{06A1F942-093E-47C1-B672-2845B1E69F81}.Release|Any CPU.ActiveCfg = Release|Any CPU
		{06A1F942-093E-47C1-B672-2845B1E69F81}.Release|Any CPU.Build.0 = Release|Any CPU
		{67BAD0A3-61D0-45E2-979C-D51B85E59FF7}.Debug|Any CPU.ActiveCfg = Debug|Any CPU
		{67BAD0A3-61D0-45E2-979C-D51B85E59FF7}.Debug|Any CPU.Build.0 = Debug|Any CPU
		{67BAD0A3-61D0-45E2-979C-D51B85E59FF7}.Release|Any CPU.ActiveCfg = Release|Any CPU
		{67BAD0A3-61D0-45E2-979C-D51B85E59FF7}.Release|Any CPU.Build.0 = Release|Any CPU
		{FF501156-02DE-4FE3-A02B-F8C720FACC85}.Debug|Any CPU.ActiveCfg = Debug|Any CPU
		{FF501156-02DE-4FE3-A02B-F8C720FACC85}.Debug|Any CPU.Build.0 = Debug|Any CPU
		{FF501156-02DE-4FE3-A02B-F8C720FACC85}.Release|Any CPU.ActiveCfg = Release|Any CPU
		{FF501156-02DE-4FE3-A02B-F8C720FACC85}.Release|Any CPU.Build.0 = Release|Any CPU
		{C86D49FC-7F8C-41A0-8D7D-CE0DBAECC628}.Debug|Any CPU.ActiveCfg = Debug|Any CPU
		{C86D49FC-7F8C-41A0-8D7D-CE0DBAECC628}.Debug|Any CPU.Build.0 = Debug|Any CPU
		{C86D49FC-7F8C-41A0-8D7D-CE0DBAECC628}.Release|Any CPU.ActiveCfg = Release|Any CPU
		{C86D49FC-7F8C-41A0-8D7D-CE0DBAECC628}.Release|Any CPU.Build.0 = Release|Any CPU
		{C04A0C13-F947-45A1-8F28-55C9CF1D906C}.Debug|Any CPU.ActiveCfg = Debug|Any CPU
		{C04A0C13-F947-45A1-8F28-55C9CF1D906C}.Debug|Any CPU.Build.0 = Debug|Any CPU
		{C04A0C13-F947-45A1-8F28-55C9CF1D906C}.Release|Any CPU.ActiveCfg = Release|Any CPU
		{C04A0C13-F947-45A1-8F28-55C9CF1D906C}.Release|Any CPU.Build.0 = Release|Any CPU
	EndGlobalSection
	GlobalSection(NestedProjects) = preSolution
		{7CBBEDE3-B0E7-4EB6-BDC1-6DD1011C7D09} = {52A199DA-98BD-436B-93BF-A4E00DFF54F1}
		{20F9D456-F1E7-45E4-9882-590F196E8D79} = {52A199DA-98BD-436B-93BF-A4E00DFF54F1}
		{4CFDEEED-DFB0-46F1-ADAA-568090EEC59C} = {21DE5511-03BF-48B2-B08B-905527448479}
		{97FF21F0-1300-4A67-9043-7CB1433814E9} = {56837449-E3E2-4FA0-9B97-5F7251411D41}
		{671AC3F8-C16A-4E9A-BA41-C5D202092191} = {56837449-E3E2-4FA0-9B97-5F7251411D41}
		{5449FAF4-9463-44EF-824A-B4194AAD3CD6} = {A07BA2E7-AAEC-41D7-AB94-9624FB452D19}
		{0214B0DA-76CF-46EE-B504-95B5175F4041} = {CA319C6E-21BE-4ADB-8879-41A97103B1B3}
		{06A1F942-093E-47C1-B672-2845B1E69F81} = {CA319C6E-21BE-4ADB-8879-41A97103B1B3}
		{67BAD0A3-61D0-45E2-979C-D51B85E59FF7} = {CA319C6E-21BE-4ADB-8879-41A97103B1B3}
		{FF501156-02DE-4FE3-A02B-F8C720FACC85} = {03C799DF-05C9-4D31-8985-9993CFB75640}
		{C86D49FC-7F8C-41A0-8D7D-CE0DBAECC628} = {03C799DF-05C9-4D31-8985-9993CFB75640}
		{C04A0C13-F947-45A1-8F28-55C9CF1D906C} = {03C799DF-05C9-4D31-8985-9993CFB75640}
	EndGlobalSection
EndGlobal	